
Microsoft Visual Studio Solution File, Format Version 12.00
# Visual Studio 15
VisualStudioVersion = 15.0.27703.2047
MinimumVisualStudioVersion = 10.0.40219.1
Project("{F184B08F-C81C-45F6-A57F-5ABD9991F28F}") = "BMA Check Tools", "BMA Check Tools\BMA Check Tools.vbproj", "{5660E8B1-8C57-4E7E-8C93-688A6B620BB3}"
EndProject
Global
	GlobalSection(SolutionConfigurationPlatforms) = preSolution
		Debug|Any CPU = Debug|Any CPU
		Release|Any CPU = Release|Any CPU
	EndGlobalSection
	GlobalSection(ProjectConfigurationPlatforms) = postSolution
		{5660E8B1-8C57-4E7E-8C93-688A6B620BB3}.Debug|Any CPU.ActiveCfg = Debug|Any CPU
		{5660E8B1-8C57-4E7E-8C93-688A6B620BB3}.Debug|Any CPU.Build.0 = Debug|Any CPU
		{5660E8B1-8C57-4E7E-8C93-688A6B620BB3}.Release|Any CPU.ActiveCfg = Release|Any CPU
		{5660E8B1-8C57-4E7E-8C93-688A6B620BB3}.Release|Any CPU.Build.0 = Release|Any CPU
	EndGlobalSection
	GlobalSection(SolutionProperties) = preSolution
		HideSolutionNode = FALSE
	EndGlobalSection
	GlobalSection(ExtensibilityGlobals) = postSolution
		SolutionGuid = {AE515B58-3CBA-42F8-80E0-BDD5ABCFD4B6}
	EndGlobalSection
EndGlobal
